
Microsoft Visual Studio Solution File, Format Version 12.00
# Visual Studio Version 16
VisualStudioVersion = 16.0.29926.136
MinimumVisualStudioVersion = 10.0.40219.1
Project("{9A19103F-16F7-4668-BE54-9A1E7A4F7556}") = "CoverletCoverageIssue.Tests", "CoverletCoverageIssue.Tests\CoverletCoverageIssue.Tests.csproj", "{BF4925BA-ED97-4B6F-B36F-A965DC36D38C}"
EndProject
Project("{9A19103F-16F7-4668-BE54-9A1E7A4F7556}") = "CoverletCoverageIssue", "CoverletCoverageIssue\CoverletCoverageIssue.csproj", "{21678460-02B1-419D-9FEF-9606358DC4E9}"
EndProject
Global
	GlobalSection(SolutionConfigurationPlatforms) = preSolution
		Debug|Any CPU = Debug|Any CPU
		Release|Any CPU = Release|Any CPU
	EndGlobalSection
	GlobalSection(ProjectConfigurationPlatforms) = postSolution
		{BF4925BA-ED97-4B6F-B36F-A965DC36D38C}.Debug|Any CPU.ActiveCfg = Debug|Any CPU
		{BF4925BA-ED97-4B6F-B36F-A965DC36D38C}.Debug|Any CPU.Build.0 = Debug|Any CPU
		{BF4925BA-ED97-4B6F-B36F-A965DC36D38C}.Release|Any CPU.ActiveCfg = Release|Any CPU
		{BF4925BA-ED97-4B6F-B36F-A965DC36D38C}.Release|Any CPU.Build.0 = Release|Any CPU
		{21678460-02B1-419D-9FEF-9606358DC4E9}.Debug|Any CPU.ActiveCfg = Debug|Any CPU
		{21678460-02B1-419D-9FEF-9606358DC4E9}.Debug|Any CPU.Build.0 = Debug|Any CPU
		{21678460-02B1-419D-9FEF-9606358DC4E9}.Release|Any CPU.ActiveCfg = Release|Any CPU
		{21678460-02B1-419D-9FEF-9606358DC4E9}.Release|Any CPU.Build.0 = Release|Any CPU
	EndGlobalSection
	GlobalSection(SolutionProperties) = preSolution
		HideSolutionNode = FALSE
	EndGlobalSection
	GlobalSection(ExtensibilityGlobals) = postSolution
		SolutionGuid = {3D149611-A415-422B-889F-FCF8581700B6}
	EndGlobalSection
EndGlobal
